
Microsoft Visual Studio Solution File, Format Version 12.00
Project("{FAE04EC0-301F-11D3-BF4B-00C04F79EFBC}") = "POPChineseLocalization", "POPChineseLocalization\POPChineseLocalization.csproj", "{BBE27E22-39D8-476D-968F-705504030DFF}"
EndProject
Global
	GlobalSection(SolutionConfigurationPlatforms) = preSolution
		Debug|Any CPU = Debug|Any CPU
		Release|Any CPU = Release|Any CPU
	EndGlobalSection
	GlobalSection(ProjectConfigurationPlatforms) = postSolution
		{BBE27E22-39D8-476D-968F-705504030DFF}.Debug|Any CPU.ActiveCfg = Debug|Any CPU
		{BBE27E22-39D8-476D-968F-705504030DFF}.Debug|Any CPU.Build.0 = Debug|Any CPU
		{BBE27E22-39D8-476D-968F-705504030DFF}.Release|Any CPU.ActiveCfg = Release|Any CPU
		{BBE27E22-39D8-476D-968F-705504030DFF}.Release|Any CPU.Build.0 = Release|Any CPU
	EndGlobalSection
EndGlobal
